
Microsoft Visual Studio Solution File, Format Version 10.00
# Visual Studio 2008
Project("{8BC9CEB8-8B4A-11D0-8D11-00A0C91BC942}") = "Plasma", "core\Plasma.vcproj", "{4943C3D4-C673-4A9C-AEB2-DBED8A3CA2E9}"
	ProjectSection(ProjectDependencies) = postProject
		{A4B8FE2F-FDFB-4C81-80F0-F015BC607957} = {A4B8FE2F-FDFB-4C81-80F0-F015BC607957}
		{C7B66F89-2EA9-4F34-A838-84F3817FDA5C} = {C7B66F89-2EA9-4F34-A838-84F3817FDA5C}
	EndProjectSection
EndProject
Project("{8BC9CEB8-8B4A-11D0-8D11-00A0C91BC942}") = "PlasmaCrypt", "Tools\PlasmaCrypt.vcproj", "{ED5AFABC-DC60-4474-9F60-EF55B4D65746}"
	ProjectSection(ProjectDependencies) = postProject
		{4943C3D4-C673-4A9C-AEB2-DBED8A3CA2E9} = {4943C3D4-C673-4A9C-AEB2-DBED8A3CA2E9}
	EndProjectSection
EndProject
Project("{8BC9CEB8-8B4A-11D0-8D11-00A0C91BC942}") = "PageConvert", "Tools\PageConvert.vcproj", "{1CAAC45D-7818-4EEE-A675-91E066345838}"
	ProjectSection(ProjectDependencies) = postProject
		{4943C3D4-C673-4A9C-AEB2-DBED8A3CA2E9} = {4943C3D4-C673-4A9C-AEB2-DBED8A3CA2E9}
	EndProjectSection
EndProject
Project("{8BC9CEB8-8B4A-11D0-8D11-00A0C91BC942}") = "PrcExtract", "Tools\PrcExtract.vcproj", "{075881F2-559B-443E-A950-EBE20291A92D}"
	ProjectSection(ProjectDependencies) = postProject
		{4943C3D4-C673-4A9C-AEB2-DBED8A3CA2E9} = {4943C3D4-C673-4A9C-AEB2-DBED8A3CA2E9}
	EndProjectSection
EndProject
Project("{8BC9CEB8-8B4A-11D0-8D11-00A0C91BC942}") = "PrpPack", "Tools\PrpPack.vcproj", "{46130030-0CEB-4F51-8F66-EB0FAE09E5B0}"
	ProjectSection(ProjectDependencies) = postProject
		{4943C3D4-C673-4A9C-AEB2-DBED8A3CA2E9} = {4943C3D4-C673-4A9C-AEB2-DBED8A3CA2E9}
	EndProjectSection
EndProject
Project("{8BC9CEB8-8B4A-11D0-8D11-00A0C91BC942}") = "prcc", "Tools\prcc.vcproj", "{02E75BD4-468B-4F32-A6DD-BAC69860B895}"
	ProjectSection(ProjectDependencies) = postProject
		{4943C3D4-C673-4A9C-AEB2-DBED8A3CA2E9} = {4943C3D4-C673-4A9C-AEB2-DBED8A3CA2E9}
	EndProjectSection
EndProject
Project("{8BC9CEB8-8B4A-11D0-8D11-00A0C91BC942}") = "prcdc", "Tools\prcdc.vcproj", "{24200E2A-F54A-46F0-BA29-35BDE75E4D25}"
	ProjectSection(ProjectDependencies) = postProject
		{4943C3D4-C673-4A9C-AEB2-DBED8A3CA2E9} = {4943C3D4-C673-4A9C-AEB2-DBED8A3CA2E9}
	EndProjectSection
EndProject
Project("{8BC9CEB8-8B4A-11D0-8D11-00A0C91BC942}") = "Prp2Obj", "Tools\Prp2Obj.vcproj", "{C89E0F9A-2164-4637-9A67-A057D0EFF185}"
	ProjectSection(ProjectDependencies) = postProject
		{4943C3D4-C673-4A9C-AEB2-DBED8A3CA2E9} = {4943C3D4-C673-4A9C-AEB2-DBED8A3CA2E9}
	EndProjectSection
EndProject
Project("{8BC9CEB8-8B4A-11D0-8D11-00A0C91BC942}") = "PyPlasma", "Python\PyPlasma.vcproj", "{E9BB26E9-EB2D-4C0A-A294-5DA7C6B2699F}"
	ProjectSection(ProjectDependencies) = postProject
		{4943C3D4-C673-4A9C-AEB2-DBED8A3CA2E9} = {4943C3D4-C673-4A9C-AEB2-DBED8A3CA2E9}
	EndProjectSection
EndProject
Project("{8BC9CEB8-8B4A-11D0-8D11-00A0C91BC942}") = "libjpeg", "core\3rdPartyLibs\jpeg-6b\libjpeg.vcproj", "{A4B8FE2F-FDFB-4C81-80F0-F015BC607957}"
EndProject
Project("{8BC9CEB8-8B4A-11D0-8D11-00A0C91BC942}") = "PageEditor", "PageEditor\PageEditor.vcproj", "{75F5644A-049F-4836-A8EC-BC236EDFA94A}"
	ProjectSection(ProjectDependencies) = postProject
		{4943C3D4-C673-4A9C-AEB2-DBED8A3CA2E9} = {4943C3D4-C673-4A9C-AEB2-DBED8A3CA2E9}
	EndProjectSection
EndProject
Project("{8BC9CEB8-8B4A-11D0-8D11-00A0C91BC942}") = "squish", "core\3rdPartyLibs\squish\squish.vcproj", "{C7B66F89-2EA9-4F34-A838-84F3817FDA5C}"
EndProject
Project("{8BC9CEB8-8B4A-11D0-8D11-00A0C91BC942}") = "PyPack", "Tools\PyPack.vcproj", "{CC048F94-D897-4FE8-8D92-54018EC1B919}"
	ProjectSection(ProjectDependencies) = postProject
		{4943C3D4-C673-4A9C-AEB2-DBED8A3CA2E9} = {4943C3D4-C673-4A9C-AEB2-DBED8A3CA2E9}
	EndProjectSection
EndProject
Project("{8BC9CEB8-8B4A-11D0-8D11-00A0C91BC942}") = "prpmod", "Tools\prpmod.vcproj", "{CBD8A19E-642F-4301-AEC1-29759CC4AB3D}"
	ProjectSection(ProjectDependencies) = postProject
		{4943C3D4-C673-4A9C-AEB2-DBED8A3CA2E9} = {4943C3D4-C673-4A9C-AEB2-DBED8A3CA2E9}
	EndProjectSection
EndProject
Project("{8BC9CEB8-8B4A-11D0-8D11-00A0C91BC942}") = "PlasmaSum", "Tools\PlasmaSum.vcproj", "{07B7C2ED-F5E2-4CFE-9570-677F2F8D1663}"
	ProjectSection(ProjectDependencies) = postProject
		{4943C3D4-C673-4A9C-AEB2-DBED8A3CA2E9} = {4943C3D4-C673-4A9C-AEB2-DBED8A3CA2E9}
	EndProjectSection
EndProject
Global
	GlobalSection(SolutionConfigurationPlatforms) = preSolution
		Debug|Win32 = Debug|Win32
		Debug|x64 = Debug|x64
		Release|Win32 = Release|Win32
		Release|x64 = Release|x64
	EndGlobalSection
	GlobalSection(ProjectConfigurationPlatforms) = postSolution
		{4943C3D4-C673-4A9C-AEB2-DBED8A3CA2E9}.Debug|Win32.ActiveCfg = Debug|Win32
		{4943C3D4-C673-4A9C-AEB2-DBED8A3CA2E9}.Debug|Win32.Build.0 = Debug|Win32
		{4943C3D4-C673-4A9C-AEB2-DBED8A3CA2E9}.Debug|x64.ActiveCfg = Debug|x64
		{4943C3D4-C673-4A9C-AEB2-DBED8A3CA2E9}.Debug|x64.Build.0 = Debug|x64
		{4943C3D4-C673-4A9C-AEB2-DBED8A3CA2E9}.Release|Win32.ActiveCfg = Release|Win32
		{4943C3D4-C673-4A9C-AEB2-DBED8A3CA2E9}.Release|Win32.Build.0 = Release|Win32
		{4943C3D4-C673-4A9C-AEB2-DBED8A3CA2E9}.Release|x64.ActiveCfg = Release|x64
		{4943C3D4-C673-4A9C-AEB2-DBED8A3CA2E9}.Release|x64.Build.0 = Release|x64
		{ED5AFABC-DC60-4474-9F60-EF55B4D65746}.Debug|Win32.ActiveCfg = Debug|Win32
		{ED5AFABC-DC60-4474-9F60-EF55B4D65746}.Debug|Win32.Build.0 = Debug|Win32
		{ED5AFABC-DC60-4474-9F60-EF55B4D65746}.Debug|x64.ActiveCfg = Debug|x64
		{ED5AFABC-DC60-4474-9F60-EF55B4D65746}.Debug|x64.Build.0 = Debug|x64
		{ED5AFABC-DC60-4474-9F60-EF55B4D65746}.Release|Win32.ActiveCfg = Release|Win32
		{ED5AFABC-DC60-4474-9F60-EF55B4D65746}.Release|Win32.Build.0 = Release|Win32
		{ED5AFABC-DC60-4474-9F60-EF55B4D65746}.Release|x64.ActiveCfg = Release|x64
		{ED5AFABC-DC60-4474-9F60-EF55B4D65746}.Release|x64.Build.0 = Release|x64
		{1CAAC45D-7818-4EEE-A675-91E066345838}.Debug|Win32.ActiveCfg = Debug|Win32
		{1CAAC45D-7818-4EEE-A675-91E066345838}.Debug|Win32.Build.0 = Debug|Win32
		{1CAAC45D-7818-4EEE-A675-91E066345838}.Debug|x64.ActiveCfg = Debug|x64
		{1CAAC45D-7818-4EEE-A675-91E066345838}.Debug|x64.Build.0 = Debug|x64
		{1CAAC45D-7818-4EEE-A675-91E066345838}.Release|Win32.ActiveCfg = Release|Win32
		{1CAAC45D-7818-4EEE-A675-91E066345838}.Release|Win32.Build.0 = Release|Win32
		{1CAAC45D-7818-4EEE-A675-91E066345838}.Release|x64.ActiveCfg = Release|x64
		{1CAAC45D-7818-4EEE-A675-91E066345838}.Release|x64.Build.0 = Release|x64
		{075881F2-559B-443E-A950-EBE20291A92D}.Debug|Win32.ActiveCfg = Debug|Win32
		{075881F2-559B-443E-A950-EBE20291A92D}.Debug|Win32.Build.0 = Debug|Win32
		{075881F2-559B-443E-A950-EBE20291A92D}.Debug|x64.ActiveCfg = Debug|x64
		{075881F2-559B-443E-A950-EBE20291A92D}.Debug|x64.Build.0 = Debug|x64
		{075881F2-559B-443E-A950-EBE20291A92D}.Release|Win32.ActiveCfg = Release|Win32
		{075881F2-559B-443E-A950-EBE20291A92D}.Release|Win32.Build.0 = Release|Win32
		{075881F2-559B-443E-A950-EBE20291A92D}.Release|x64.ActiveCfg = Release|x64
		{075881F2-559B-443E-A950-EBE20291A92D}.Release|x64.Build.0 = Release|x64
		{46130030-0CEB-4F51-8F66-EB0FAE09E5B0}.Debug|Win32.ActiveCfg = Debug|Win32
		{46130030-0CEB-4F51-8F66-EB0FAE09E5B0}.Debug|Win32.Build.0 = Debug|Win32
		{46130030-0CEB-4F51-8F66-EB0FAE09E5B0}.Debug|x64.ActiveCfg = Debug|x64
		{46130030-0CEB-4F51-8F66-EB0FAE09E5B0}.Debug|x64.Build.0 = Debug|x64
		{46130030-0CEB-4F51-8F66-EB0FAE09E5B0}.Release|Win32.ActiveCfg = Release|Win32
		{46130030-0CEB-4F51-8F66-EB0FAE09E5B0}.Release|Win32.Build.0 = Release|Win32
		{46130030-0CEB-4F51-8F66-EB0FAE09E5B0}.Release|x64.ActiveCfg = Release|x64
		{46130030-0CEB-4F51-8F66-EB0FAE09E5B0}.Release|x64.Build.0 = Release|x64
		{02E75BD4-468B-4F32-A6DD-BAC69860B895}.Debug|Win32.ActiveCfg = Debug|Win32
		{02E75BD4-468B-4F32-A6DD-BAC69860B895}.Debug|Win32.Build.0 = Debug|Win32
		{02E75BD4-468B-4F32-A6DD-BAC69860B895}.Debug|x64.ActiveCfg = Debug|x64
		{02E75BD4-468B-4F32-A6DD-BAC69860B895}.Debug|x64.Build.0 = Debug|x64
		{02E75BD4-468B-4F32-A6DD-BAC69860B895}.Release|Win32.ActiveCfg = Release|Win32
		{02E75BD4-468B-4F32-A6DD-BAC69860B895}.Release|Win32.Build.0 = Release|Win32
		{02E75BD4-468B-4F32-A6DD-BAC69860B895}.Release|x64.ActiveCfg = Release|x64
		{02E75BD4-468B-4F32-A6DD-BAC69860B895}.Release|x64.Build.0 = Release|x64
		{24200E2A-F54A-46F0-BA29-35BDE75E4D25}.Debug|Win32.ActiveCfg = Debug|Win32
		{24200E2A-F54A-46F0-BA29-35BDE75E4D25}.Debug|Win32.Build.0 = Debug|Win32
		{24200E2A-F54A-46F0-BA29-35BDE75E4D25}.Debug|x64.ActiveCfg = Debug|x64
		{24200E2A-F54A-46F0-BA29-35BDE75E4D25}.Debug|x64.Build.0 = Debug|x64
		{24200E2A-F54A-46F0-BA29-35BDE75E4D25}.Release|Win32.ActiveCfg = Release|Win32
		{24200E2A-F54A-46F0-BA29-35BDE75E4D25}.Release|Win32.Build.0 = Release|Win32
		{24200E2A-F54A-46F0-BA29-35BDE75E4D25}.Release|x64.ActiveCfg = Release|x64
		{24200E2A-F54A-46F0-BA29-35BDE75E4D25}.Release|x64.Build.0 = Release|x64
		{C89E0F9A-2164-4637-9A67-A057D0EFF185}.Debug|Win32.ActiveCfg = Debug|Win32
		{C89E0F9A-2164-4637-9A67-A057D0EFF185}.Debug|Win32.Build.0 = Debug|Win32
		{C89E0F9A-2164-4637-9A67-A057D0EFF185}.Debug|x64.ActiveCfg = Debug|x64
		{C89E0F9A-2164-4637-9A67-A057D0EFF185}.Debug|x64.Build.0 = Debug|x64
		{C89E0F9A-2164-4637-9A67-A057D0EFF185}.Release|Win32.ActiveCfg = Release|Win32
		{C89E0F9A-2164-4637-9A67-A057D0EFF185}.Release|Win32.Build.0 = Release|Win32
		{C89E0F9A-2164-4637-9A67-A057D0EFF185}.Release|x64.ActiveCfg = Release|x64
		{C89E0F9A-2164-4637-9A67-A057D0EFF185}.Release|x64.Build.0 = Release|x64
		{E9BB26E9-EB2D-4C0A-A294-5DA7C6B2699F}.Debug|Win32.ActiveCfg = Debug|Win32
		{E9BB26E9-EB2D-4C0A-A294-5DA7C6B2699F}.Debug|Win32.Build.0 = Debug|Win32
		{E9BB26E9-EB2D-4C0A-A294-5DA7C6B2699F}.Debug|x64.ActiveCfg = Debug|x64
		{E9BB26E9-EB2D-4C0A-A294-5DA7C6B2699F}.Debug|x64.Build.0 = Debug|x64
		{E9BB26E9-EB2D-4C0A-A294-5DA7C6B2699F}.Release|Win32.ActiveCfg = Release|Win32
		{E9BB26E9-EB2D-4C0A-A294-5DA7C6B2699F}.Release|Win32.Build.0 = Release|Win32
		{E9BB26E9-EB2D-4C0A-A294-5DA7C6B2699F}.Release|x64.ActiveCfg = Release|x64
		{E9BB26E9-EB2D-4C0A-A294-5DA7C6B2699F}.Release|x64.Build.0 = Release|x64
		{A4B8FE2F-FDFB-4C81-80F0-F015BC607957}.Debug|Win32.ActiveCfg = Debug|Win32
		{A4B8FE2F-FDFB-4C81-80F0-F015BC607957}.Debug|Win32.Build.0 = Debug|Win32
		{A4B8FE2F-FDFB-4C81-80F0-F015BC607957}.Debug|x64.ActiveCfg = Debug|x64
		{A4B8FE2F-FDFB-4C81-80F0-F015BC607957}.Debug|x64.Build.0 = Debug|x64
		{A4B8FE2F-FDFB-4C81-80F0-F015BC607957}.Release|Win32.ActiveCfg = Release|Win32
		{A4B8FE2F-FDFB-4C81-80F0-F015BC607957}.Release|Win32.Build.0 = Release|Win32
		{A4B8FE2F-FDFB-4C81-80F0-F015BC607957}.Release|x64.ActiveCfg = Release|x64
		{A4B8FE2F-FDFB-4C81-80F0-F015BC607957}.Release|x64.Build.0 = Release|x64
		{75F5644A-049F-4836-A8EC-BC236EDFA94A}.Debug|Win32.ActiveCfg = Debug|Win32
		{75F5644A-049F-4836-A8EC-BC236EDFA94A}.Debug|Win32.Build.0 = Debug|Win32
		{75F5644A-049F-4836-A8EC-BC236EDFA94A}.Debug|x64.ActiveCfg = Debug|x64
		{75F5644A-049F-4836-A8EC-BC236EDFA94A}.Debug|x64.Build.0 = Debug|x64
		{75F5644A-049F-4836-A8EC-BC236EDFA94A}.Release|Win32.ActiveCfg = Release|Win32
		{75F5644A-049F-4836-A8EC-BC236EDFA94A}.Release|Win32.Build.0 = Release|Win32
		{75F5644A-049F-4836-A8EC-BC236EDFA94A}.Release|x64.ActiveCfg = Release|x64
		{75F5644A-049F-4836-A8EC-BC236EDFA94A}.Release|x64.Build.0 = Release|x64
		{C7B66F89-2EA9-4F34-A838-84F3817FDA5C}.Debug|Win32.ActiveCfg = Debug|Win32
		{C7B66F89-2EA9-4F34-A838-84F3817FDA5C}.Debug|Win32.Build.0 = Debug|Win32
		{C7B66F89-2EA9-4F34-A838-84F3817FDA5C}.Debug|x64.ActiveCfg = Debug|x64
		{C7B66F89-2EA9-4F34-A838-84F3817FDA5C}.Debug|x64.Build.0 = Debug|x64
		{C7B66F89-2EA9-4F34-A838-84F3817FDA5C}.Release|Win32.ActiveCfg = Release|Win32
		{C7B66F89-2EA9-4F34-A838-84F3817FDA5C}.Release|Win32.Build.0 = Release|Win32
		{C7B66F89-2EA9-4F34-A838-84F3817FDA5C}.Release|x64.ActiveCfg = Release|x64
		{C7B66F89-2EA9-4F34-A838-84F3817FDA5C}.Release|x64.Build.0 = Release|x64
		{CC048F94-D897-4FE8-8D92-54018EC1B919}.Debug|Win32.ActiveCfg = Debug|Win32
		{CC048F94-D897-4FE8-8D92-54018EC1B919}.Debug|Win32.Build.0 = Debug|Win32
		{CC048F94-D897-4FE8-8D92-54018EC1B919}.Debug|x64.ActiveCfg = Debug|x64
		{CC048F94-D897-4FE8-8D92-54018EC1B919}.Debug|x64.Build.0 = Debug|x64
		{CC048F94-D897-4FE8-8D92-54018EC1B919}.Release|Win32.ActiveCfg = Release|Win32
		{CC048F94-D897-4FE8-8D92-54018EC1B919}.Release|Win32.Build.0 = Release|Win32
		{CC048F94-D897-4FE8-8D92-54018EC1B919}.Release|x64.ActiveCfg = Release|x64
		{CC048F94-D897-4FE8-8D92-54018EC1B919}.Release|x64.Build.0 = Release|x64
		{CBD8A19E-642F-4301-AEC1-29759CC4AB3D}.Debug|Win32.ActiveCfg = Debug|Win32
		{CBD8A19E-642F-4301-AEC1-29759CC4AB3D}.Debug|Win32.Build.0 = Debug|Win32
		{CBD8A19E-642F-4301-AEC1-29759CC4AB3D}.Debug|x64.ActiveCfg = Debug|x64
		{CBD8A19E-642F-4301-AEC1-29759CC4AB3D}.Debug|x64.Build.0 = Debug|x64
		{CBD8A19E-642F-4301-AEC1-29759CC4AB3D}.Release|Win32.ActiveCfg = Release|Win32
		{CBD8A19E-642F-4301-AEC1-29759CC4AB3D}.Release|Win32.Build.0 = Release|Win32
		{CBD8A19E-642F-4301-AEC1-29759CC4AB3D}.Release|x64.ActiveCfg = Release|x64
		{CBD8A19E-642F-4301-AEC1-29759CC4AB3D}.Release|x64.Build.0 = Release|x64
		{07B7C2ED-F5E2-4CFE-9570-677F2F8D1663}.Debug|Win32.ActiveCfg = Debug|Win32
		{07B7C2ED-F5E2-4CFE-9570-677F2F8D1663}.Debug|Win32.Build.0 = Debug|Win32
		{07B7C2ED-F5E2-4CFE-9570-677F2F8D1663}.Debug|x64.ActiveCfg = Debug|x64
		{07B7C2ED-F5E2-4CFE-9570-677F2F8D1663}.Debug|x64.Build.0 = Debug|x64
		{07B7C2ED-F5E2-4CFE-9570-677F2F8D1663}.Release|Win32.ActiveCfg = Release|Win32
		{07B7C2ED-F5E2-4CFE-9570-677F2F8D1663}.Release|Win32.Build.0 = Release|Win32
		{07B7C2ED-F5E2-4CFE-9570-677F2F8D1663}.Release|x64.ActiveCfg = Release|x64
		{07B7C2ED-F5E2-4CFE-9570-677F2F8D1663}.Release|x64.Build.0 = Release|x64
	EndGlobalSection
	GlobalSection(SolutionProperties) = preSolution
		HideSolutionNode = FALSE
	EndGlobalSection
EndGlobal
